
Microsoft Visual Studio Solution File, Format Version 12.00
# Visual Studio Version 16
VisualStudioVersion = 16.0.29728.190
MinimumVisualStudioVersion = 10.0.40219.1
Project("{FAE04EC0-301F-11D3-BF4B-00C04F79EFBC}") = "XamlControlsGallery", "XamlControlsGallery.csproj", "{3F68773A-31A5-59FE-926C-0569E415C9D9}"
EndProject
Project("{2150E333-8FDC-42A3-9474-1A3956D46DE8}") = "Solution Items", "Solution Items", "{541693E7-E756-46D0-BE74-5307EDFF025E}"
	ProjectSection(SolutionItems) = preProject
		.editorconfig = .editorconfig
	EndProjectSection
EndProject
Project("{9A19103F-16F7-4668-BE54-9A1E7A4F7556}") = "XamlControlsGallery.Skia.Gtk", "..\XamlControlsGallery.Skia.Gtk\XamlControlsGallery.Skia.Gtk.csproj", "{546D8C73-7B6D-4501-B7B8-0EAE0558D6AC}"
EndProject
Project("{D954291E-2A0B-460D-934E-DC6B0785DB48}") = "XamlControlsGallery.Shared", "XamlControlsGallery.Shared.shproj", "{6279C845-92F8-4333-AB99-3D213163593C}"
EndProject
Project("{FAE04EC0-301F-11D3-BF4B-00C04F79EFBC}") = "XamlControlsGallery.Droid", "..\XamlControlsGallery.Droid\XamlControlsGallery.Droid.csproj", "{1DFCB1D1-42B2-4E35-BC39-1CB196CF6A86}"
EndProject
Project("{FAE04EC0-301F-11D3-BF4B-00C04F79EFBC}") = "XamlControlsGallery.iOS", "..\XamlControlsGallery.iOS\XamlControlsGallery.iOS.csproj", "{084B5615-F9F7-494C-B760-EE9C5057D8D9}"
EndProject
Project("{9A19103F-16F7-4668-BE54-9A1E7A4F7556}") = "XamlControlsGallery.Skia.WPF", "..\XamlControlsGallery.Skia.WPF\XamlControlsGallery.Skia.WPF.csproj", "{EA77B34D-315D-4659-B8A5-D95CDBAA2BC1}"
EndProject
Project("{FAE04EC0-301F-11D3-BF4B-00C04F79EFBC}") = "XamlControlsGallery.macOS", "..\XamlControlsGallery.macOS\XamlControlsGallery.macOS.csproj", "{A04EB51E-BF3E-49A2-964C-A260E08FB6A2}"
EndProject
Project("{9A19103F-16F7-4668-BE54-9A1E7A4F7556}") = "XamlControlsGallery.Wasm", "..\XamlControlsGallery.Wasm\XamlControlsGallery.Wasm.csproj", "{EBA747EB-06F5-4F5D-B653-807E8E183A32}"
EndProject
Global
	GlobalSection(SharedMSBuildProjectFiles) = preSolution
		XamlControlsGallery.Shared.projitems*{084b5615-f9f7-494c-b760-ee9c5057d8d9}*SharedItemsImports = 4
		XamlControlsGallery.Shared.projitems*{1dfcb1d1-42b2-4e35-bc39-1cb196cf6a86}*SharedItemsImports = 4
		XamlControlsGallery.Shared.projitems*{546d8c73-7b6d-4501-b7b8-0eae0558d6ac}*SharedItemsImports = 5
		XamlControlsGallery.Shared.projitems*{6279c845-92f8-4333-ab99-3d213163593c}*SharedItemsImports = 13
		XamlControlsGallery.Shared.projitems*{a04eb51e-bf3e-49a2-964c-a260e08fb6a2}*SharedItemsImports = 4
		XamlControlsGallery.Shared.projitems*{ea77b34d-315d-4659-b8a5-d95cdbaa2bc1}*SharedItemsImports = 5
		XamlControlsGallery.Shared.projitems*{eba747eb-06f5-4f5d-b653-807e8e183a32}*SharedItemsImports = 5
	EndGlobalSection
	GlobalSection(SolutionConfigurationPlatforms) = preSolution
		Ad-Hoc|Any CPU = Ad-Hoc|Any CPU
		Ad-Hoc|ARM = Ad-Hoc|ARM
		Ad-Hoc|iPhone = Ad-Hoc|iPhone
		Ad-Hoc|iPhoneSimulator = Ad-Hoc|iPhoneSimulator
		Ad-Hoc|x64 = Ad-Hoc|x64
		Ad-Hoc|x86 = Ad-Hoc|x86
		AppStore|Any CPU = AppStore|Any CPU
		AppStore|ARM = AppStore|ARM
		AppStore|iPhone = AppStore|iPhone
		AppStore|iPhoneSimulator = AppStore|iPhoneSimulator
		AppStore|x64 = AppStore|x64
		AppStore|x86 = AppStore|x86
		Debug|Any CPU = Debug|Any CPU
		Debug|ARM = Debug|ARM
		Debug|iPhone = Debug|iPhone
		Debug|iPhoneSimulator = Debug|iPhoneSimulator
		Debug|x64 = Debug|x64
		Debug|x86 = Debug|x86
		Release|Any CPU = Release|Any CPU
		Release|ARM = Release|ARM
		Release|iPhone = Release|iPhone
		Release|iPhoneSimulator = Release|iPhoneSimulator
		Release|x64 = Release|x64
		Release|x86 = Release|x86
	EndGlobalSection
	GlobalSection(ProjectConfigurationPlatforms) = postSolution
		{3F68773A-31A5-59FE-926C-0569E415C9D9}.Ad-Hoc|Any CPU.ActiveCfg = Release|x64
		{3F68773A-31A5-59FE-926C-0569E415C9D9}.Ad-Hoc|Any CPU.Build.0 = Release|x64
		{3F68773A-31A5-59FE-926C-0569E415C9D9}.Ad-Hoc|Any CPU.Deploy.0 = Release|x64
		{3F68773A-31A5-59FE-926C-0569E415C9D9}.Ad-Hoc|ARM.ActiveCfg = Release|ARM
		{3F68773A-31A5-59FE-926C-0569E415C9D9}.Ad-Hoc|ARM.Build.0 = Release|ARM
		{3F68773A-31A5-59FE-926C-0569E415C9D9}.Ad-Hoc|ARM.Deploy.0 = Release|ARM
		{3F68773A-31A5-59FE-926C-0569E415C9D9}.Ad-Hoc|iPhone.ActiveCfg = Release|x64
		{3F68773A-31A5-59FE-926C-0569E415C9D9}.Ad-Hoc|iPhone.Build.0 = Release|x64
		{3F68773A-31A5-59FE-926C-0569E415C9D9}.Ad-Hoc|iPhone.Deploy.0 = Release|x64
		{3F68773A-31A5-59FE-926C-0569E415C9D9}.Ad-Hoc|iPhoneSimulator.ActiveCfg = Release|x64
		{3F68773A-31A5-59FE-926C-0569E415C9D9}.Ad-Hoc|iPhoneSimulator.Build.0 = Release|x64
		{3F68773A-31A5-59FE-926C-0569E415C9D9}.Ad-Hoc|iPhoneSimulator.Deploy.0 = Release|x64
		{3F68773A-31A5-59FE-926C-0569E415C9D9}.Ad-Hoc|x64.ActiveCfg = Release|x64
		{3F68773A-31A5-59FE-926C-0569E415C9D9}.Ad-Hoc|x64.Build.0 = Release|x64
		{3F68773A-31A5-59FE-926C-0569E415C9D9}.Ad-Hoc|x64.Deploy.0 = Release|x64
		{3F68773A-31A5-59FE-926C-0569E415C9D9}.Ad-Hoc|x86.ActiveCfg = Release|x86
		{3F68773A-31A5-59FE-926C-0569E415C9D9}.Ad-Hoc|x86.Build.0 = Release|x86
		{3F68773A-31A5-59FE-926C-0569E415C9D9}.Ad-Hoc|x86.Deploy.0 = Release|x86
		{3F68773A-31A5-59FE-926C-0569E415C9D9}.AppStore|Any CPU.ActiveCfg = Release|x64
		{3F68773A-31A5-59FE-926C-0569E415C9D9}.AppStore|Any CPU.Build.0 = Release|x64
		{3F68773A-31A5-59FE-926C-0569E415C9D9}.AppStore|Any CPU.Deploy.0 = Release|x64
		{3F68773A-31A5-59FE-926C-0569E415C9D9}.AppStore|ARM.ActiveCfg = Release|ARM
		{3F68773A-31A5-59FE-926C-0569E415C9D9}.AppStore|ARM.Build.0 = Release|ARM
		{3F68773A-31A5-59FE-926C-0569E415C9D9}.AppStore|ARM.Deploy.0 = Release|ARM
		{3F68773A-31A5-59FE-926C-0569E415C9D9}.AppStore|iPhone.ActiveCfg = Release|x64
		{3F68773A-31A5-59FE-926C-0569E415C9D9}.AppStore|iPhone.Build.0 = Release|x64
		{3F68773A-31A5-59FE-926C-0569E415C9D9}.AppStore|iPhone.Deploy.0 = Release|x64
		{3F68773A-31A5-59FE-926C-0569E415C9D9}.AppStore|iPhoneSimulator.ActiveCfg = Release|x64
		{3F68773A-31A5-59FE-926C-0569E415C9D9}.AppStore|iPhoneSimulator.Build.0 = Release|x64
		{3F68773A-31A5-59FE-926C-0569E415C9D9}.AppStore|iPhoneSimulator.Deploy.0 = Release|x64
		{3F68773A-31A5-59FE-926C-0569E415C9D9}.AppStore|x64.ActiveCfg = Release|x64
		{3F68773A-31A5-59FE-926C-0569E415C9D9}.AppStore|x64.Build.0 = Release|x64
		{3F68773A-31A5-59FE-926C-0569E415C9D9}.AppStore|x64.Deploy.0 = Release|x64
		{3F68773A-31A5-59FE-926C-0569E415C9D9}.AppStore|x86.ActiveCfg = Release|x86
		{3F68773A-31A5-59FE-926C-0569E415C9D9}.AppStore|x86.Build.0 = Release|x86
		{3F68773A-31A5-59FE-926C-0569E415C9D9}.AppStore|x86.Deploy.0 = Release|x86
		{3F68773A-31A5-59FE-926C-0569E415C9D9}.Debug|Any CPU.ActiveCfg = Debug|x86
		{3F68773A-31A5-59FE-926C-0569E415C9D9}.Debug|ARM.ActiveCfg = Debug|ARM
		{3F68773A-31A5-59FE-926C-0569E415C9D9}.Debug|ARM.Build.0 = Debug|ARM
		{3F68773A-31A5-59FE-926C-0569E415C9D9}.Debug|ARM.Deploy.0 = Debug|ARM
		{3F68773A-31A5-59FE-926C-0569E415C9D9}.Debug|iPhone.ActiveCfg = Debug|x86
		{3F68773A-31A5-59FE-926C-0569E415C9D9}.Debug|iPhoneSimulator.ActiveCfg = Debug|x86
		{3F68773A-31A5-59FE-926C-0569E415C9D9}.Debug|x64.ActiveCfg = Debug|x64
		{3F68773A-31A5-59FE-926C-0569E415C9D9}.Debug|x64.Build.0 = Debug|x64
		{3F68773A-31A5-59FE-926C-0569E415C9D9}.Debug|x64.Deploy.0 = Debug|x64
		{3F68773A-31A5-59FE-926C-0569E415C9D9}.Debug|x86.ActiveCfg = Debug|x86
		{3F68773A-31A5-59FE-926C-0569E415C9D9}.Debug|x86.Build.0 = Debug|x86
		{3F68773A-31A5-59FE-926C-0569E415C9D9}.Debug|x86.Deploy.0 = Debug|x86
		{3F68773A-31A5-59FE-926C-0569E415C9D9}.Release|Any CPU.ActiveCfg = Release|x86
		{3F68773A-31A5-59FE-926C-0569E415C9D9}.Release|ARM.ActiveCfg = Release|ARM
		{3F68773A-31A5-59FE-926C-0569E415C9D9}.Release|ARM.Build.0 = Release|ARM
		{3F68773A-31A5-59FE-926C-0569E415C9D9}.Release|ARM.Deploy.0 = Release|ARM
		{3F68773A-31A5-59FE-926C-0569E415C9D9}.Release|iPhone.ActiveCfg = Release|x86
		{3F68773A-31A5-59FE-926C-0569E415C9D9}.Release|iPhoneSimulator.ActiveCfg = Release|x86
		{3F68773A-31A5-59FE-926C-0569E415C9D9}.Release|x64.ActiveCfg = Release|x64
		{3F68773A-31A5-59FE-926C-0569E415C9D9}.Release|x64.Build.0 = Release|x64
		{3F68773A-31A5-59FE-926C-0569E415C9D9}.Release|x64.Deploy.0 = Release|x64
		{3F68773A-31A5-59FE-926C-0569E415C9D9}.Release|x86.ActiveCfg = Release|x86
		{3F68773A-31A5-59FE-926C-0569E415C9D9}.Release|x86.Build.0 = Release|x86
		{3F68773A-31A5-59FE-926C-0569E415C9D9}.Release|x86.Deploy.0 = Release|x86
		{546D8C73-7B6D-4501-B7B8-0EAE0558D6AC}.Ad-Hoc|Any CPU.ActiveCfg = Release|Any CPU
		{546D8C73-7B6D-4501-B7B8-0EAE0558D6AC}.Ad-Hoc|Any CPU.Build.0 = Release|Any CPU
		{546D8C73-7B6D-4501-B7B8-0EAE0558D6AC}.Ad-Hoc|ARM.ActiveCfg = Release|Any CPU
		{546D8C73-7B6D-4501-B7B8-0EAE0558D6AC}.Ad-Hoc|ARM.Build.0 = Release|Any CPU
		{546D8C73-7B6D-4501-B7B8-0EAE0558D6AC}.Ad-Hoc|iPhone.ActiveCfg = Release|Any CPU
		{546D8C73-7B6D-4501-B7B8-0EAE0558D6AC}.Ad-Hoc|iPhone.Build.0 = Release|Any CPU
		{546D8C73-7B6D-4501-B7B8-0EAE0558D6AC}.Ad-Hoc|iPhoneSimulator.ActiveCfg = Release|Any CPU
		{546D8C73-7B6D-4501-B7B8-0EAE0558D6AC}.Ad-Hoc|iPhoneSimulator.Build.0 = Release|Any CPU
		{546D8C73-7B6D-4501-B7B8-0EAE0558D6AC}.Ad-Hoc|x64.ActiveCfg = Release|Any CPU
		{546D8C73-7B6D-4501-B7B8-0EAE0558D6AC}.Ad-Hoc|x64.Build.0 = Release|Any CPU
		{546D8C73-7B6D-4501-B7B8-0EAE0558D6AC}.Ad-Hoc|x86.ActiveCfg = Release|Any CPU
		{546D8C73-7B6D-4501-B7B8-0EAE0558D6AC}.Ad-Hoc|x86.Build.0 = Release|Any CPU
		{546D8C73-7B6D-4501-B7B8-0EAE0558D6AC}.AppStore|Any CPU.ActiveCfg = Release|Any CPU
		{546D8C73-7B6D-4501-B7B8-0EAE0558D6AC}.AppStore|Any CPU.Build.0 = Release|Any CPU
		{546D8C73-7B6D-4501-B7B8-0EAE0558D6AC}.AppStore|ARM.ActiveCfg = Release|Any CPU
		{546D8C73-7B6D-4501-B7B8-0EAE0558D6AC}.AppStore|ARM.Build.0 = Release|Any CPU
		{546D8C73-7B6D-4501-B7B8-0EAE0558D6AC}.AppStore|iPhone.ActiveCfg = Release|Any CPU
		{546D8C73-7B6D-4501-B7B8-0EAE0558D6AC}.AppStore|iPhone.Build.0 = Release|Any CPU
		{546D8C73-7B6D-4501-B7B8-0EAE0558D6AC}.AppStore|iPhoneSimulator.ActiveCfg = Release|Any CPU
		{546D8C73-7B6D-4501-B7B8-0EAE0558D6AC}.AppStore|iPhoneSimulator.Build.0 = Release|Any CPU
		{546D8C73-7B6D-4501-B7B8-0EAE0558D6AC}.AppStore|x64.ActiveCfg = Release|Any CPU
		{546D8C73-7B6D-4501-B7B8-0EAE0558D6AC}.AppStore|x64.Build.0 = Release|Any CPU
		{546D8C73-7B6D-4501-B7B8-0EAE0558D6AC}.AppStore|x86.ActiveCfg = Release|Any CPU
		{546D8C73-7B6D-4501-B7B8-0EAE0558D6AC}.AppStore|x86.Build.0 = Release|Any CPU
		{546D8C73-7B6D-4501-B7B8-0EAE0558D6AC}.Debug|Any CPU.ActiveCfg = Debug|Any CPU
		{546D8C73-7B6D-4501-B7B8-0EAE0558D6AC}.Debug|Any CPU.Build.0 = Debug|Any CPU
		{546D8C73-7B6D-4501-B7B8-0EAE0558D6AC}.Debug|ARM.ActiveCfg = Debug|Any CPU
		{546D8C73-7B6D-4501-B7B8-0EAE0558D6AC}.Debug|ARM.Build.0 = Debug|Any CPU
		{546D8C73-7B6D-4501-B7B8-0EAE0558D6AC}.Debug|iPhone.ActiveCfg = Debug|Any CPU
		{546D8C73-7B6D-4501-B7B8-0EAE0558D6AC}.Debug|iPhone.Build.0 = Debug|Any CPU
		{546D8C73-7B6D-4501-B7B8-0EAE0558D6AC}.Debug|iPhoneSimulator.ActiveCfg = Debug|Any CPU
		{546D8C73-7B6D-4501-B7B8-0EAE0558D6AC}.Debug|iPhoneSimulator.Build.0 = Debug|Any CPU
		{546D8C73-7B6D-4501-B7B8-0EAE0558D6AC}.Debug|x64.ActiveCfg = Debug|Any CPU
		{546D8C73-7B6D-4501-B7B8-0EAE0558D6AC}.Debug|x64.Build.0 = Debug|Any CPU
		{546D8C73-7B6D-4501-B7B8-0EAE0558D6AC}.Debug|x86.ActiveCfg = Debug|Any CPU
		{546D8C73-7B6D-4501-B7B8-0EAE0558D6AC}.Debug|x86.Build.0 = Debug|Any CPU
		{546D8C73-7B6D-4501-B7B8-0EAE0558D6AC}.Release|Any CPU.ActiveCfg = Release|Any CPU
		{546D8C73-7B6D-4501-B7B8-0EAE0558D6AC}.Release|Any CPU.Build.0 = Release|Any CPU
		{546D8C73-7B6D-4501-B7B8-0EAE0558D6AC}.Release|ARM.ActiveCfg = Release|Any CPU
		{546D8C73-7B6D-4501-B7B8-0EAE0558D6AC}.Release|ARM.Build.0 = Release|Any CPU
		{546D8C73-7B6D-4501-B7B8-0EAE0558D6AC}.Release|iPhone.ActiveCfg = Release|Any CPU
		{546D8C73-7B6D-4501-B7B8-0EAE0558D6AC}.Release|iPhone.Build.0 = Release|Any CPU
		{546D8C73-7B6D-4501-B7B8-0EAE0558D6AC}.Release|iPhoneSimulator.ActiveCfg = Release|Any CPU
		{546D8C73-7B6D-4501-B7B8-0EAE0558D6AC}.Release|iPhoneSimulator.Build.0 = Release|Any CPU
		{546D8C73-7B6D-4501-B7B8-0EAE0558D6AC}.Release|x64.ActiveCfg = Release|Any CPU
		{546D8C73-7B6D-4501-B7B8-0EAE0558D6AC}.Release|x64.Build.0 = Release|Any CPU
		{546D8C73-7B6D-4501-B7B8-0EAE0558D6AC}.Release|x86.ActiveCfg = Release|Any CPU
		{546D8C73-7B6D-4501-B7B8-0EAE0558D6AC}.Release|x86.Build.0 = Release|Any CPU
		{1DFCB1D1-42B2-4E35-BC39-1CB196CF6A86}.Ad-Hoc|Any CPU.ActiveCfg = Release|Any CPU
		{1DFCB1D1-42B2-4E35-BC39-1CB196CF6A86}.Ad-Hoc|Any CPU.Build.0 = Release|Any CPU
		{1DFCB1D1-42B2-4E35-BC39-1CB196CF6A86}.Ad-Hoc|Any CPU.Deploy.0 = Release|Any CPU
		{1DFCB1D1-42B2-4E35-BC39-1CB196CF6A86}.Ad-Hoc|ARM.ActiveCfg = Release|Any CPU
		{1DFCB1D1-42B2-4E35-BC39-1CB196CF6A86}.Ad-Hoc|ARM.Build.0 = Release|Any CPU
		{1DFCB1D1-42B2-4E35-BC39-1CB196CF6A86}.Ad-Hoc|ARM.Deploy.0 = Release|Any CPU
		{1DFCB1D1-42B2-4E35-BC39-1CB196CF6A86}.Ad-Hoc|iPhone.ActiveCfg = Release|Any CPU
		{1DFCB1D1-42B2-4E35-BC39-1CB196CF6A86}.Ad-Hoc|iPhone.Build.0 = Release|Any CPU
		{1DFCB1D1-42B2-4E35-BC39-1CB196CF6A86}.Ad-Hoc|iPhone.Deploy.0 = Release|Any CPU
		{1DFCB1D1-42B2-4E35-BC39-1CB196CF6A86}.Ad-Hoc|iPhoneSimulator.ActiveCfg = Release|Any CPU
		{1DFCB1D1-42B2-4E35-BC39-1CB196CF6A86}.Ad-Hoc|iPhoneSimulator.Build.0 = Release|Any CPU
		{1DFCB1D1-42B2-4E35-BC39-1CB196CF6A86}.Ad-Hoc|iPhoneSimulator.Deploy.0 = Release|Any CPU
		{1DFCB1D1-42B2-4E35-BC39-1CB196CF6A86}.Ad-Hoc|x64.ActiveCfg = Release|Any CPU
		{1DFCB1D1-42B2-4E35-BC39-1CB196CF6A86}.Ad-Hoc|x64.Build.0 = Release|Any CPU
		{1DFCB1D1-42B2-4E35-BC39-1CB196CF6A86}.Ad-Hoc|x64.Deploy.0 = Release|Any CPU
		{1DFCB1D1-42B2-4E35-BC39-1CB196CF6A86}.Ad-Hoc|x86.ActiveCfg = Release|Any CPU
		{1DFCB1D1-42B2-4E35-BC39-1CB196CF6A86}.Ad-Hoc|x86.Build.0 = Release|Any CPU
		{1DFCB1D1-42B2-4E35-BC39-1CB196CF6A86}.Ad-Hoc|x86.Deploy.0 = Release|Any CPU
		{1DFCB1D1-42B2-4E35-BC39-1CB196CF6A86}.AppStore|Any CPU.ActiveCfg = Release|Any CPU
		{1DFCB1D1-42B2-4E35-BC39-1CB196CF6A86}.AppStore|Any CPU.Build.0 = Release|Any CPU
		{1DFCB1D1-42B2-4E35-BC39-1CB196CF6A86}.AppStore|Any CPU.Deploy.0 = Release|Any CPU
		{1DFCB1D1-42B2-4E35-BC39-1CB196CF6A86}.AppStore|ARM.ActiveCfg = Release|Any CPU
		{1DFCB1D1-42B2-4E35-BC39-1CB196CF6A86}.AppStore|ARM.Build.0 = Release|Any CPU
		{1DFCB1D1-42B2-4E35-BC39-1CB196CF6A86}.AppStore|ARM.Deploy.0 = Release|Any CPU
		{1DFCB1D1-42B2-4E35-BC39-1CB196CF6A86}.AppStore|iPhone.ActiveCfg = Release|Any CPU
		{1DFCB1D1-42B2-4E35-BC39-1CB196CF6A86}.AppStore|iPhone.Build.0 = Release|Any CPU
		{1DFCB1D1-42B2-4E35-BC39-1CB196CF6A86}.AppStore|iPhone.Deploy.0 = Release|Any CPU
		{1DFCB1D1-42B2-4E35-BC39-1CB196CF6A86}.AppStore|iPhoneSimulator.ActiveCfg = Release|Any CPU
		{1DFCB1D1-42B2-4E35-BC39-1CB196CF6A86}.AppStore|iPhoneSimulator.Build.0 = Release|Any CPU
		{1DFCB1D1-42B2-4E35-BC39-1CB196CF6A86}.AppStore|iPhoneSimulator.Deploy.0 = Release|Any CPU
		{1DFCB1D1-42B2-4E35-BC39-1CB196CF6A86}.AppStore|x64.ActiveCfg = Release|Any CPU
		{1DFCB1D1-42B2-4E35-BC39-1CB196CF6A86}.AppStore|x64.Build.0 = Release|Any CPU
		{1DFCB1D1-42B2-4E35-BC39-1CB196CF6A86}.AppStore|x64.Deploy.0 = Release|Any CPU
		{1DFCB1D1-42B2-4E35-BC39-1CB196CF6A86}.AppStore|x86.ActiveCfg = Release|Any CPU
		{1DFCB1D1-42B2-4E35-BC39-1CB196CF6A86}.AppStore|x86.Build.0 = Release|Any CPU
		{1DFCB1D1-42B2-4E35-BC39-1CB196CF6A86}.AppStore|x86.Deploy.0 = Release|Any CPU
		{1DFCB1D1-42B2-4E35-BC39-1CB196CF6A86}.Debug|Any CPU.ActiveCfg = Debug|Any CPU
		{1DFCB1D1-42B2-4E35-BC39-1CB196CF6A86}.Debug|Any CPU.Build.0 = Debug|Any CPU
		{1DFCB1D1-42B2-4E35-BC39-1CB196CF6A86}.Debug|Any CPU.Deploy.0 = Debug|Any CPU
		{1DFCB1D1-42B2-4E35-BC39-1CB196CF6A86}.Debug|ARM.ActiveCfg = Debug|Any CPU
		{1DFCB1D1-42B2-4E35-BC39-1CB196CF6A86}.Debug|ARM.Build.0 = Debug|Any CPU
		{1DFCB1D1-42B2-4E35-BC39-1CB196CF6A86}.Debug|ARM.Deploy.0 = Debug|Any CPU
		{1DFCB1D1-42B2-4E35-BC39-1CB196CF6A86}.Debug|iPhone.ActiveCfg = Debug|Any CPU
		{1DFCB1D1-42B2-4E35-BC39-1CB196CF6A86}.Debug|iPhone.Build.0 = Debug|Any CPU
		{1DFCB1D1-42B2-4E35-BC39-1CB196CF6A86}.Debug|iPhone.Deploy.0 = Debug|Any CPU
		{1DFCB1D1-42B2-4E35-BC39-1CB196CF6A86}.Debug|iPhoneSimulator.ActiveCfg = Debug|Any CPU
		{1DFCB1D1-42B2-4E35-BC39-1CB196CF6A86}.Debug|iPhoneSimulator.Build.0 = Debug|Any CPU
		{1DFCB1D1-42B2-4E35-BC39-1CB196CF6A86}.Debug|iPhoneSimulator.Deploy.0 = Debug|Any CPU
		{1DFCB1D1-42B2-4E35-BC39-1CB196CF6A86}.Debug|x64.ActiveCfg = Debug|Any CPU
		{1DFCB1D1-42B2-4E35-BC39-1CB196CF6A86}.Debug|x64.Build.0 = Debug|Any CPU
		{1DFCB1D1-42B2-4E35-BC39-1CB196CF6A86}.Debug|x64.Deploy.0 = Debug|Any CPU
		{1DFCB1D1-42B2-4E35-BC39-1CB196CF6A86}.Debug|x86.ActiveCfg = Debug|Any CPU
		{1DFCB1D1-42B2-4E35-BC39-1CB196CF6A86}.Debug|x86.Build.0 = Debug|Any CPU
		{1DFCB1D1-42B2-4E35-BC39-1CB196CF6A86}.Debug|x86.Deploy.0 = Debug|Any CPU
		{1DFCB1D1-42B2-4E35-BC39-1CB196CF6A86}.Release|Any CPU.ActiveCfg = Release|Any CPU
		{1DFCB1D1-42B2-4E35-BC39-1CB196CF6A86}.Release|Any CPU.Build.0 = Release|Any CPU
		{1DFCB1D1-42B2-4E35-BC39-1CB196CF6A86}.Release|Any CPU.Deploy.0 = Release|Any CPU
		{1DFCB1D1-42B2-4E35-BC39-1CB196CF6A86}.Release|ARM.ActiveCfg = Release|Any CPU
		{1DFCB1D1-42B2-4E35-BC39-1CB196CF6A86}.Release|ARM.Build.0 = Release|Any CPU
		{1DFCB1D1-42B2-4E35-BC39-1CB196CF6A86}.Release|ARM.Deploy.0 = Release|Any CPU
		{1DFCB1D1-42B2-4E35-BC39-1CB196CF6A86}.Release|iPhone.ActiveCfg = Release|Any CPU
		{1DFCB1D1-42B2-4E35-BC39-1CB196CF6A86}.Release|iPhone.Build.0 = Release|Any CPU
		{1DFCB1D1-42B2-4E35-BC39-1CB196CF6A86}.Release|iPhone.Deploy.0 = Release|Any CPU
		{1DFCB1D1-42B2-4E35-BC39-1CB196CF6A86}.Release|iPhoneSimulator.ActiveCfg = Release|Any CPU
		{1DFCB1D1-42B2-4E35-BC39-1CB196CF6A86}.Release|iPhoneSimulator.Build.0 = Release|Any CPU
		{1DFCB1D1-42B2-4E35-BC39-1CB196CF6A86}.Release|iPhoneSimulator.Deploy.0 = Release|Any CPU
		{1DFCB1D1-42B2-4E35-BC39-1CB196CF6A86}.Release|x64.ActiveCfg = Release|Any CPU
		{1DFCB1D1-42B2-4E35-BC39-1CB196CF6A86}.Release|x64.Build.0 = Release|Any CPU
		{1DFCB1D1-42B2-4E35-BC39-1CB196CF6A86}.Release|x64.Deploy.0 = Release|Any CPU
		{1DFCB1D1-42B2-4E35-BC39-1CB196CF6A86}.Release|x86.ActiveCfg = Release|Any CPU
		{1DFCB1D1-42B2-4E35-BC39-1CB196CF6A86}.Release|x86.Build.0 = Release|Any CPU
		{1DFCB1D1-42B2-4E35-BC39-1CB196CF6A86}.Release|x86.Deploy.0 = Release|Any CPU
		{084B5615-F9F7-494C-B760-EE9C5057D8D9}.Ad-Hoc|Any CPU.ActiveCfg = Ad-Hoc|iPhoneSimulator
		{084B5615-F9F7-494C-B760-EE9C5057D8D9}.Ad-Hoc|ARM.ActiveCfg = Ad-Hoc|iPhoneSimulator
		{084B5615-F9F7-494C-B760-EE9C5057D8D9}.Ad-Hoc|iPhone.ActiveCfg = Ad-Hoc|iPhone
		{084B5615-F9F7-494C-B760-EE9C5057D8D9}.Ad-Hoc|iPhone.Build.0 = Ad-Hoc|iPhone
		{084B5615-F9F7-494C-B760-EE9C5057D8D9}.Ad-Hoc|iPhoneSimulator.ActiveCfg = Ad-Hoc|iPhoneSimulator
		{084B5615-F9F7-494C-B760-EE9C5057D8D9}.Ad-Hoc|iPhoneSimulator.Build.0 = Ad-Hoc|iPhoneSimulator
		{084B5615-F9F7-494C-B760-EE9C5057D8D9}.Ad-Hoc|x64.ActiveCfg = Ad-Hoc|iPhoneSimulator
		{084B5615-F9F7-494C-B760-EE9C5057D8D9}.Ad-Hoc|x86.ActiveCfg = Ad-Hoc|iPhoneSimulator
		{084B5615-F9F7-494C-B760-EE9C5057D8D9}.AppStore|Any CPU.ActiveCfg = AppStore|iPhoneSimulator
		{084B5615-F9F7-494C-B760-EE9C5057D8D9}.AppStore|ARM.ActiveCfg = AppStore|iPhoneSimulator
		{084B5615-F9F7-494C-B760-EE9C5057D8D9}.AppStore|iPhone.ActiveCfg = AppStore|iPhone
		{084B5615-F9F7-494C-B760-EE9C5057D8D9}.AppStore|iPhone.Build.0 = AppStore|iPhone
		{084B5615-F9F7-494C-B760-EE9C5057D8D9}.AppStore|iPhoneSimulator.ActiveCfg = AppStore|iPhoneSimulator
		{084B5615-F9F7-494C-B760-EE9C5057D8D9}.AppStore|iPhoneSimulator.Build.0 = AppStore|iPhoneSimulator
		{084B5615-F9F7-494C-B760-EE9C5057D8D9}.AppStore|x64.ActiveCfg = AppStore|iPhoneSimulator
		{084B5615-F9F7-494C-B760-EE9C5057D8D9}.AppStore|x86.ActiveCfg = AppStore|iPhoneSimulator
		{084B5615-F9F7-494C-B760-EE9C5057D8D9}.Debug|Any CPU.ActiveCfg = Debug|iPhoneSimulator
		{084B5615-F9F7-494C-B760-EE9C5057D8D9}.Debug|ARM.ActiveCfg = Debug|iPhoneSimulator
		{084B5615-F9F7-494C-B760-EE9C5057D8D9}.Debug|iPhone.ActiveCfg = Debug|iPhone
		{084B5615-F9F7-494C-B760-EE9C5057D8D9}.Debug|iPhone.Build.0 = Debug|iPhone
		{084B5615-F9F7-494C-B760-EE9C5057D8D9}.Debug|iPhoneSimulator.ActiveCfg = Debug|iPhoneSimulator
		{084B5615-F9F7-494C-B760-EE9C5057D8D9}.Debug|iPhoneSimulator.Build.0 = Debug|iPhoneSimulator
		{084B5615-F9F7-494C-B760-EE9C5057D8D9}.Debug|x64.ActiveCfg = Debug|iPhoneSimulator
		{084B5615-F9F7-494C-B760-EE9C5057D8D9}.Debug|x86.ActiveCfg = Debug|iPhoneSimulator
		{084B5615-F9F7-494C-B760-EE9C5057D8D9}.Release|Any CPU.ActiveCfg = Release|iPhoneSimulator
		{084B5615-F9F7-494C-B760-EE9C5057D8D9}.Release|ARM.ActiveCfg = Release|iPhoneSimulator
		{084B5615-F9F7-494C-B760-EE9C5057D8D9}.Release|iPhone.ActiveCfg = Release|iPhone
		{084B5615-F9F7-494C-B760-EE9C5057D8D9}.Release|iPhone.Build.0 = Release|iPhone
		{084B5615-F9F7-494C-B760-EE9C5057D8D9}.Release|iPhoneSimulator.ActiveCfg = Release|iPhoneSimulator
		{084B5615-F9F7-494C-B760-EE9C5057D8D9}.Release|iPhoneSimulator.Build.0 = Release|iPhoneSimulator
		{084B5615-F9F7-494C-B760-EE9C5057D8D9}.Release|x64.ActiveCfg = Release|iPhoneSimulator
		{084B5615-F9F7-494C-B760-EE9C5057D8D9}.Release|x86.ActiveCfg = Release|iPhoneSimulator
		{EA77B34D-315D-4659-B8A5-D95CDBAA2BC1}.Ad-Hoc|Any CPU.ActiveCfg = Release|Any CPU
		{EA77B34D-315D-4659-B8A5-D95CDBAA2BC1}.Ad-Hoc|Any CPU.Build.0 = Release|Any CPU
		{EA77B34D-315D-4659-B8A5-D95CDBAA2BC1}.Ad-Hoc|ARM.ActiveCfg = Release|Any CPU
		{EA77B34D-315D-4659-B8A5-D95CDBAA2BC1}.Ad-Hoc|ARM.Build.0 = Release|Any CPU
		{EA77B34D-315D-4659-B8A5-D95CDBAA2BC1}.Ad-Hoc|iPhone.ActiveCfg = Release|Any CPU
		{EA77B34D-315D-4659-B8A5-D95CDBAA2BC1}.Ad-Hoc|iPhone.Build.0 = Release|Any CPU
		{EA77B34D-315D-4659-B8A5-D95CDBAA2BC1}.Ad-Hoc|iPhoneSimulator.ActiveCfg = Release|Any CPU
		{EA77B34D-315D-4659-B8A5-D95CDBAA2BC1}.Ad-Hoc|iPhoneSimulator.Build.0 = Release|Any CPU
		{EA77B34D-315D-4659-B8A5-D95CDBAA2BC1}.Ad-Hoc|x64.ActiveCfg = Release|Any CPU
		{EA77B34D-315D-4659-B8A5-D95CDBAA2BC1}.Ad-Hoc|x64.Build.0 = Release|Any CPU
		{EA77B34D-315D-4659-B8A5-D95CDBAA2BC1}.Ad-Hoc|x86.ActiveCfg = Release|Any CPU
		{EA77B34D-315D-4659-B8A5-D95CDBAA2BC1}.Ad-Hoc|x86.Build.0 = Release|Any CPU
		{EA77B34D-315D-4659-B8A5-D95CDBAA2BC1}.AppStore|Any CPU.ActiveCfg = Release|Any CPU
		{EA77B34D-315D-4659-B8A5-D95CDBAA2BC1}.AppStore|Any CPU.Build.0 = Release|Any CPU
		{EA77B34D-315D-4659-B8A5-D95CDBAA2BC1}.AppStore|ARM.ActiveCfg = Release|Any CPU
		{EA77B34D-315D-4659-B8A5-D95CDBAA2BC1}.AppStore|ARM.Build.0 = Release|Any CPU
		{EA77B34D-315D-4659-B8A5-D95CDBAA2BC1}.AppStore|iPhone.ActiveCfg = Release|Any CPU
		{EA77B34D-315D-4659-B8A5-D95CDBAA2BC1}.AppStore|iPhone.Build.0 = Release|Any CPU
		{EA77B34D-315D-4659-B8A5-D95CDBAA2BC1}.AppStore|iPhoneSimulator.ActiveCfg = Release|Any CPU
		{EA77B34D-315D-4659-B8A5-D95CDBAA2BC1}.AppStore|iPhoneSimulator.Build.0 = Release|Any CPU
		{EA77B34D-315D-4659-B8A5-D95CDBAA2BC1}.AppStore|x64.ActiveCfg = Release|Any CPU
		{EA77B34D-315D-4659-B8A5-D95CDBAA2BC1}.AppStore|x64.Build.0 = Release|Any CPU
		{EA77B34D-315D-4659-B8A5-D95CDBAA2BC1}.AppStore|x86.ActiveCfg = Release|Any CPU
		{EA77B34D-315D-4659-B8A5-D95CDBAA2BC1}.AppStore|x86.Build.0 = Release|Any CPU
		{EA77B34D-315D-4659-B8A5-D95CDBAA2BC1}.Debug|Any CPU.ActiveCfg = Debug|Any CPU
		{EA77B34D-315D-4659-B8A5-D95CDBAA2BC1}.Debug|Any CPU.Build.0 = Debug|Any CPU
		{EA77B34D-315D-4659-B8A5-D95CDBAA2BC1}.Debug|ARM.ActiveCfg = Debug|Any CPU
		{EA77B34D-315D-4659-B8A5-D95CDBAA2BC1}.Debug|ARM.Build.0 = Debug|Any CPU
		{EA77B34D-315D-4659-B8A5-D95CDBAA2BC1}.Debug|iPhone.ActiveCfg = Debug|Any CPU
		{EA77B34D-315D-4659-B8A5-D95CDBAA2BC1}.Debug|iPhone.Build.0 = Debug|Any CPU
		{EA77B34D-315D-4659-B8A5-D95CDBAA2BC1}.Debug|iPhoneSimulator.ActiveCfg = Debug|Any CPU
		{EA77B34D-315D-4659-B8A5-D95CDBAA2BC1}.Debug|iPhoneSimulator.Build.0 = Debug|Any CPU
		{EA77B34D-315D-4659-B8A5-D95CDBAA2BC1}.Debug|x64.ActiveCfg = Debug|Any CPU
		{EA77B34D-315D-4659-B8A5-D95CDBAA2BC1}.Debug|x64.Build.0 = Debug|Any CPU
		{EA77B34D-315D-4659-B8A5-D95CDBAA2BC1}.Debug|x86.ActiveCfg = Debug|Any CPU
		{EA77B34D-315D-4659-B8A5-D95CDBAA2BC1}.Debug|x86.Build.0 = Debug|Any CPU
		{EA77B34D-315D-4659-B8A5-D95CDBAA2BC1}.Release|Any CPU.ActiveCfg = Release|Any CPU
		{EA77B34D-315D-4659-B8A5-D95CDBAA2BC1}.Release|Any CPU.Build.0 = Release|Any CPU
		{EA77B34D-315D-4659-B8A5-D95CDBAA2BC1}.Release|ARM.ActiveCfg = Release|Any CPU
		{EA77B34D-315D-4659-B8A5-D95CDBAA2BC1}.Release|ARM.Build.0 = Release|Any CPU
		{EA77B34D-315D-4659-B8A5-D95CDBAA2BC1}.Release|iPhone.ActiveCfg = Release|Any CPU
		{EA77B34D-315D-4659-B8A5-D95CDBAA2BC1}.Release|iPhone.Build.0 = Release|Any CPU
		{EA77B34D-315D-4659-B8A5-D95CDBAA2BC1}.Release|iPhoneSimulator.ActiveCfg = Release|Any CPU
		{EA77B34D-315D-4659-B8A5-D95CDBAA2BC1}.Release|iPhoneSimulator.Build.0 = Release|Any CPU
		{EA77B34D-315D-4659-B8A5-D95CDBAA2BC1}.Release|x64.ActiveCfg = Release|Any CPU
		{EA77B34D-315D-4659-B8A5-D95CDBAA2BC1}.Release|x64.Build.0 = Release|Any CPU
		{EA77B34D-315D-4659-B8A5-D95CDBAA2BC1}.Release|x86.ActiveCfg = Release|Any CPU
		{EA77B34D-315D-4659-B8A5-D95CDBAA2BC1}.Release|x86.Build.0 = Release|Any CPU
		{A04EB51E-BF3E-49A2-964C-A260E08FB6A2}.Ad-Hoc|Any CPU.ActiveCfg = Debug|iPhoneSimulator
		{A04EB51E-BF3E-49A2-964C-A260E08FB6A2}.Ad-Hoc|Any CPU.Build.0 = Debug|iPhoneSimulator
		{A04EB51E-BF3E-49A2-964C-A260E08FB6A2}.Ad-Hoc|ARM.ActiveCfg = Debug|iPhoneSimulator
		{A04EB51E-BF3E-49A2-964C-A260E08FB6A2}.Ad-Hoc|ARM.Build.0 = Debug|iPhoneSimulator
		{A04EB51E-BF3E-49A2-964C-A260E08FB6A2}.Ad-Hoc|iPhone.ActiveCfg = Debug|iPhoneSimulator
		{A04EB51E-BF3E-49A2-964C-A260E08FB6A2}.Ad-Hoc|iPhone.Build.0 = Debug|iPhoneSimulator
		{A04EB51E-BF3E-49A2-964C-A260E08FB6A2}.Ad-Hoc|iPhoneSimulator.ActiveCfg = Debug|iPhoneSimulator
		{A04EB51E-BF3E-49A2-964C-A260E08FB6A2}.Ad-Hoc|iPhoneSimulator.Build.0 = Debug|iPhoneSimulator
		{A04EB51E-BF3E-49A2-964C-A260E08FB6A2}.Ad-Hoc|x64.ActiveCfg = Debug|iPhoneSimulator
		{A04EB51E-BF3E-49A2-964C-A260E08FB6A2}.Ad-Hoc|x64.Build.0 = Debug|iPhoneSimulator
		{A04EB51E-BF3E-49A2-964C-A260E08FB6A2}.Ad-Hoc|x86.ActiveCfg = Debug|iPhoneSimulator
		{A04EB51E-BF3E-49A2-964C-A260E08FB6A2}.Ad-Hoc|x86.Build.0 = Debug|iPhoneSimulator
		{A04EB51E-BF3E-49A2-964C-A260E08FB6A2}.AppStore|Any CPU.ActiveCfg = Debug|iPhoneSimulator
		{A04EB51E-BF3E-49A2-964C-A260E08FB6A2}.AppStore|Any CPU.Build.0 = Debug|iPhoneSimulator
		{A04EB51E-BF3E-49A2-964C-A260E08FB6A2}.AppStore|ARM.ActiveCfg = Debug|iPhoneSimulator
		{A04EB51E-BF3E-49A2-964C-A260E08FB6A2}.AppStore|ARM.Build.0 = Debug|iPhoneSimulator
		{A04EB51E-BF3E-49A2-964C-A260E08FB6A2}.AppStore|iPhone.ActiveCfg = Debug|iPhoneSimulator
		{A04EB51E-BF3E-49A2-964C-A260E08FB6A2}.AppStore|iPhone.Build.0 = Debug|iPhoneSimulator
		{A04EB51E-BF3E-49A2-964C-A260E08FB6A2}.AppStore|iPhoneSimulator.ActiveCfg = Debug|iPhoneSimulator
		{A04EB51E-BF3E-49A2-964C-A260E08FB6A2}.AppStore|iPhoneSimulator.Build.0 = Debug|iPhoneSimulator
		{A04EB51E-BF3E-49A2-964C-A260E08FB6A2}.AppStore|x64.ActiveCfg = Debug|iPhoneSimulator
		{A04EB51E-BF3E-49A2-964C-A260E08FB6A2}.AppStore|x64.Build.0 = Debug|iPhoneSimulator
		{A04EB51E-BF3E-49A2-964C-A260E08FB6A2}.AppStore|x86.ActiveCfg = Debug|iPhoneSimulator
		{A04EB51E-BF3E-49A2-964C-A260E08FB6A2}.AppStore|x86.Build.0 = Debug|iPhoneSimulator
		{A04EB51E-BF3E-49A2-964C-A260E08FB6A2}.Debug|Any CPU.ActiveCfg = Debug|iPhoneSimulator
		{A04EB51E-BF3E-49A2-964C-A260E08FB6A2}.Debug|ARM.ActiveCfg = Debug|iPhoneSimulator
		{A04EB51E-BF3E-49A2-964C-A260E08FB6A2}.Debug|iPhone.ActiveCfg = Debug|iPhoneSimulator
		{A04EB51E-BF3E-49A2-964C-A260E08FB6A2}.Debug|iPhoneSimulator.ActiveCfg = Debug|iPhoneSimulator
		{A04EB51E-BF3E-49A2-964C-A260E08FB6A2}.Debug|iPhoneSimulator.Build.0 = Debug|iPhoneSimulator
		{A04EB51E-BF3E-49A2-964C-A260E08FB6A2}.Debug|x64.ActiveCfg = Debug|iPhoneSimulator
		{A04EB51E-BF3E-49A2-964C-A260E08FB6A2}.Debug|x86.ActiveCfg = Debug|iPhoneSimulator
		{A04EB51E-BF3E-49A2-964C-A260E08FB6A2}.Release|Any CPU.ActiveCfg = Release|iPhoneSimulator
		{A04EB51E-BF3E-49A2-964C-A260E08FB6A2}.Release|ARM.ActiveCfg = Release|iPhoneSimulator
		{A04EB51E-BF3E-49A2-964C-A260E08FB6A2}.Release|iPhone.ActiveCfg = Release|iPhoneSimulator
		{A04EB51E-BF3E-49A2-964C-A260E08FB6A2}.Release|iPhoneSimulator.ActiveCfg = Release|iPhoneSimulator
		{A04EB51E-BF3E-49A2-964C-A260E08FB6A2}.Release|iPhoneSimulator.Build.0 = Release|iPhoneSimulator
		{A04EB51E-BF3E-49A2-964C-A260E08FB6A2}.Release|x64.ActiveCfg = Release|iPhoneSimulator
		{A04EB51E-BF3E-49A2-964C-A260E08FB6A2}.Release|x86.ActiveCfg = Release|iPhoneSimulator
		{EBA747EB-06F5-4F5D-B653-807E8E183A32}.Ad-Hoc|Any CPU.ActiveCfg = Release|Any CPU
		{EBA747EB-06F5-4F5D-B653-807E8E183A32}.Ad-Hoc|Any CPU.Build.0 = Release|Any CPU
		{EBA747EB-06F5-4F5D-B653-807E8E183A32}.Ad-Hoc|ARM.ActiveCfg = Release|Any CPU
		{EBA747EB-06F5-4F5D-B653-807E8E183A32}.Ad-Hoc|ARM.Build.0 = Release|Any CPU
		{EBA747EB-06F5-4F5D-B653-807E8E183A32}.Ad-Hoc|iPhone.ActiveCfg = Release|Any CPU
		{EBA747EB-06F5-4F5D-B653-807E8E183A32}.Ad-Hoc|iPhone.Build.0 = Release|Any CPU
		{EBA747EB-06F5-4F5D-B653-807E8E183A32}.Ad-Hoc|iPhoneSimulator.ActiveCfg = Release|Any CPU
		{EBA747EB-06F5-4F5D-B653-807E8E183A32}.Ad-Hoc|iPhoneSimulator.Build.0 = Release|Any CPU
		{EBA747EB-06F5-4F5D-B653-807E8E183A32}.Ad-Hoc|x64.ActiveCfg = Release|Any CPU
		{EBA747EB-06F5-4F5D-B653-807E8E183A32}.Ad-Hoc|x64.Build.0 = Release|Any CPU
		{EBA747EB-06F5-4F5D-B653-807E8E183A32}.Ad-Hoc|x86.ActiveCfg = Release|Any CPU
		{EBA747EB-06F5-4F5D-B653-807E8E183A32}.Ad-Hoc|x86.Build.0 = Release|Any CPU
		{EBA747EB-06F5-4F5D-B653-807E8E183A32}.AppStore|Any CPU.ActiveCfg = Release|Any CPU
		{EBA747EB-06F5-4F5D-B653-807E8E183A32}.AppStore|Any CPU.Build.0 = Release|Any CPU
		{EBA747EB-06F5-4F5D-B653-807E8E183A32}.AppStore|ARM.ActiveCfg = Release|Any CPU
		{EBA747EB-06F5-4F5D-B653-807E8E183A32}.AppStore|ARM.Build.0 = Release|Any CPU
		{EBA747EB-06F5-4F5D-B653-807E8E183A32}.AppStore|iPhone.ActiveCfg = Release|Any CPU
		{EBA747EB-06F5-4F5D-B653-807E8E183A32}.AppStore|iPhone.Build.0 = Release|Any CPU
		{EBA747EB-06F5-4F5D-B653-807E8E183A32}.AppStore|iPhoneSimulator.ActiveCfg = Release|Any CPU
		{EBA747EB-06F5-4F5D-B653-807E8E183A32}.AppStore|iPhoneSimulator.Build.0 = Release|Any CPU
		{EBA747EB-06F5-4F5D-B653-807E8E183A32}.AppStore|x64.ActiveCfg = Release|Any CPU
		{EBA747EB-06F5-4F5D-B653-807E8E183A32}.AppStore|x64.Build.0 = Release|Any CPU
		{EBA747EB-06F5-4F5D-B653-807E8E183A32}.AppStore|x86.ActiveCfg = Release|Any CPU
		{EBA747EB-06F5-4F5D-B653-807E8E183A32}.AppStore|x86.Build.0 = Release|Any CPU
		{EBA747EB-06F5-4F5D-B653-807E8E183A32}.Debug|Any CPU.ActiveCfg = Debug|Any CPU
		{EBA747EB-06F5-4F5D-B653-807E8E183A32}.Debug|Any CPU.Build.0 = Debug|Any CPU
		{EBA747EB-06F5-4F5D-B653-807E8E183A32}.Debug|ARM.ActiveCfg = Debug|Any CPU
		{EBA747EB-06F5-4F5D-B653-807E8E183A32}.Debug|ARM.Build.0 = Debug|Any CPU
		{EBA747EB-06F5-4F5D-B653-807E8E183A32}.Debug|iPhone.ActiveCfg = Debug|Any CPU
		{EBA747EB-06F5-4F5D-B653-807E8E183A32}.Debug|iPhone.Build.0 = Debug|Any CPU
		{EBA747EB-06F5-4F5D-B653-807E8E183A32}.Debug|iPhoneSimulator.ActiveCfg = Debug|Any CPU
		{EBA747EB-06F5-4F5D-B653-807E8E183A32}.Debug|iPhoneSimulator.Build.0 = Debug|Any CPU
		{EBA747EB-06F5-4F5D-B653-807E8E183A32}.Debug|x64.ActiveCfg = Debug|Any CPU
		{EBA747EB-06F5-4F5D-B653-807E8E183A32}.Debug|x64.Build.0 = Debug|Any CPU
		{EBA747EB-06F5-4F5D-B653-807E8E183A32}.Debug|x86.ActiveCfg = Debug|Any CPU
		{EBA747EB-06F5-4F5D-B653-807E8E183A32}.Debug|x86.Build.0 = Debug|Any CPU
		{EBA747EB-06F5-4F5D-B653-807E8E183A32}.Release|Any CPU.ActiveCfg = Release|Any CPU
		{EBA747EB-06F5-4F5D-B653-807E8E183A32}.Release|Any CPU.Build.0 = Release|Any CPU
		{EBA747EB-06F5-4F5D-B653-807E8E183A32}.Release|ARM.ActiveCfg = Release|Any CPU
		{EBA747EB-06F5-4F5D-B653-807E8E183A32}.Release|ARM.Build.0 = Release|Any CPU
		{EBA747EB-06F5-4F5D-B653-807E8E183A32}.Release|iPhone.ActiveCfg = Release|Any CPU
		{EBA747EB-06F5-4F5D-B653-807E8E183A32}.Release|iPhone.Build.0 = Release|Any CPU
		{EBA747EB-06F5-4F5D-B653-807E8E183A32}.Release|iPhoneSimulator.ActiveCfg = Release|Any CPU
		{EBA747EB-06F5-4F5D-B653-807E8E183A32}.Release|iPhoneSimulator.Build.0 = Release|Any CPU
		{EBA747EB-06F5-4F5D-B653-807E8E183A32}.Release|x64.ActiveCfg = Release|Any CPU
		{EBA747EB-06F5-4F5D-B653-807E8E183A32}.Release|x64.Build.0 = Release|Any CPU
		{EBA747EB-06F5-4F5D-B653-807E8E183A32}.Release|x86.ActiveCfg = Release|Any CPU
		{EBA747EB-06F5-4F5D-B653-807E8E183A32}.Release|x86.Build.0 = Release|Any CPU
	EndGlobalSection
	GlobalSection(SolutionProperties) = preSolution
		HideSolutionNode = FALSE
	EndGlobalSection
	GlobalSection(ExtensibilityGlobals) = postSolution
		SolutionGuid = {5B033CDA-6491-405C-A05B-CEE6AC4060B9}
	EndGlobalSection
EndGlobal
